{
  "nodes": {
    "erosanix": {
      "inputs": {
        "nixpkgs": [
          "nixpkgs"
        ]
      },
      "locked": {
        "lastModified": 1642979806,
        "narHash": "sha256-w0x+En4XJJ8D9R/AQXyNYMiB2voSXp1caLl5LWE0hHw=",
        "owner": "emmanuelrosa",
        "repo": "erosanix",
        "rev": "c275290f6a0f6461d8ba87753e6ed07d0e448447",
        "type": "github"
      },
      "original": {
        "owner": "emmanuelrosa",
        "repo": "erosanix",
        "type": "github"
      }
    },
    "nixpkgs": {
      "locked": {
        "lastModified": 1642770210,
        "narHash": "sha256-2kMgAMy3ThQP5UvHkV/z2zMkoml9bQhatEzCpLq5Iwc=",
        "path": "/nix/store/cwihclkh4g6wghh67nq9lyswfjh650im-source",
        "rev": "0bef0d60524fcdb2b609625e34d5c224e150c17a",
        "type": "path"
      },
      "original": {
        "id": "nixpkgs",
        "type": "indirect"
      }
    },
    "root": {
      "inputs": {
        "erosanix": "erosanix",
        "nixpkgs": "nixpkgs"
      }
    }
  },
  "root": "root",
  "version": 7
}
